// !$*UTF8*$!
{
	archiveVersion = 1;
	classes = {
	};
	objectVersion = 50;
	objects = {

/* Begin PBXBuildFile section */
		3A22084426DE37560053B9ED /* AppDelegate.swift in Sources */ = {isa = PBXBuildFile; fileRef = 3A22084326DE37560053B9ED /* AppDelegate.swift */; };
		3A22084626DE37560053B9ED /* SceneDelegate.swift in Sources */ = {isa = PBXBuildFile; fileRef = 3A22084526DE37560053B9ED /* SceneDelegate.swift */; };
		3A22084B26DE37560053B9ED /* Feed.storyboard in Resources */ = {isa = PBXBuildFile; fileRef = 3A22084926DE37560053B9ED /* Feed.storyboard */; };
		3A22084D26DE37570053B9ED /* Assets.xcassets in Resources */ = {isa = PBXBuildFile; fileRef = 3A22084C26DE37570053B9ED /* Assets.xcassets */; };
		3A22085026DE37570053B9ED /* LaunchScreen.storyboard in Resources */ = {isa = PBXBuildFile; fileRef = 3A22084E26DE37570053B9ED /* LaunchScreen.storyboard */; };
		3ABA7C5326DE56A5006A524A /* Coordinator.swift in Sources */ = {isa = PBXBuildFile; fileRef = 3ABA7C5226DE56A5006A524A /* Coordinator.swift */; };
		3ABA7C5726DE5927006A524A /* AppCoordinator.swift in Sources */ = {isa = PBXBuildFile; fileRef = 3ABA7C5626DE5927006A524A /* AppCoordinator.swift */; };
		3ABA7C5B26DE71BE006A524A /* FeedViewController.swift in Sources */ = {isa = PBXBuildFile; fileRef = 3ABA7C5A26DE71BE006A524A /* FeedViewController.swift */; };
		3ABA7C5F26DE7B08006A524A /* TabBarController.swift in Sources */ = {isa = PBXBuildFile; fileRef = 3ABA7C5E26DE7B08006A524A /* TabBarController.swift */; };
/* End PBXBuildFile section */

/* Begin PBXFileReference section */
		3A22084026DE37560053B9ED /* Inbyeolgram-clone.app */ = {isa = PBXFileReference; explicitFileType = wrapper.application; includeInIndex = 0; path = "Inbyeolgram-clone.app"; sourceTree = BUILT_PRODUCTS_DIR; };
		3A22084326DE37560053B9ED /* AppDelegate.swift */ = {isa = PBXFileReference; lastKnownFileType = sourcecode.swift; path = AppDelegate.swift; sourceTree = "<group>"; };
		3A22084526DE37560053B9ED /* SceneDelegate.swift */ = {isa = PBXFileReference; lastKnownFileType = sourcecode.swift; path = SceneDelegate.swift; sourceTree = "<group>"; };
		3A22084A26DE37560053B9ED /* Base */ = {isa = PBXFileReference; lastKnownFileType = file.storyboard; name = Base; path = Base.lproj/Feed.storyboard; sourceTree = "<group>"; };
		3A22084C26DE37570053B9ED /* Assets.xcassets */ = {isa = PBXFileReference; lastKnownFileType = folder.assetcatalog; path = Assets.xcassets; sourceTree = "<group>"; };
		3A22084F26DE37570053B9ED /* Base */ = {isa = PBXFileReference; lastKnownFileType = file.storyboard; name = Base; path = Base.lproj/LaunchScreen.storyboard; sourceTree = "<group>"; };
		3A22085126DE37570053B9ED /* Info.plist */ = {isa = PBXFileReference; lastKnownFileType = text.plist.xml; path = Info.plist; sourceTree = "<group>"; };
		3ABA7C5226DE56A5006A524A /* Coordinator.swift */ = {isa = PBXFileReference; lastKnownFileType = sourcecode.swift; path = Coordinator.swift; sourceTree = "<group>"; };
		3ABA7C5626DE5927006A524A /* AppCoordinator.swift */ = {isa = PBXFileReference; lastKnownFileType = sourcecode.swift; path = AppCoordinator.swift; sourceTree = "<group>"; };
		3ABA7C5A26DE71BE006A524A /* FeedViewController.swift */ = {isa = PBXFileReference; lastKnownFileType = sourcecode.swift; path = FeedViewController.swift; sourceTree = "<group>"; };
		3ABA7C5E26DE7B08006A524A /* TabBarController.swift */ = {isa = PBXFileReference; lastKnownFileType = sourcecode.swift; path = TabBarController.swift; sourceTree = "<group>"; };
/* End PBXFileReference section */

/* Begin PBXFrameworksBuildPhase section */
		3A22083D26DE37560053B9ED /* Frameworks */ = {
			isa = PBXFrameworksBuildPhase;
			buildActionMask = 2147483647;
			files = (
			);
			runOnlyForDeploymentPostprocessing = 0;
		};
/* End PBXFrameworksBuildPhase section */

/* Begin PBXGroup section */
		3A22083726DE37560053B9ED = {
			isa = PBXGroup;
			children = (
				3A22084226DE37560053B9ED /* Inbyeolgram-clone */,
				3A22084126DE37560053B9ED /* Products */,
			);
			sourceTree = "<group>";
		};
		3A22084126DE37560053B9ED /* Products */ = {
			isa = PBXGroup;
			children = (
				3A22084026DE37560053B9ED /* Inbyeolgram-clone.app */,
			);
			name = Products;
			sourceTree = "<group>";
		};
		3A22084226DE37560053B9ED /* Inbyeolgram-clone */ = {
			isa = PBXGroup;
			children = (
				3ABA7C6326DE7D82006A524A /* Application */,
				3ABA7C6226DE7D71006A524A /* Storyboard */,
				3ABA7C6426DE7D8D006A524A /* SupportingFiles */,
				3ABA7C6126DE7D62006A524A /* Coordinator */,
				3ABA7C6026DE7D51006A524A /* ViewController */,
			);
			path = "Inbyeolgram-clone";
			sourceTree = "<group>";
		};
		3ABA7C6026DE7D51006A524A /* ViewController */ = {
			isa = PBXGroup;
			children = (
				3ABA7C5A26DE71BE006A524A /* FeedViewController.swift */,
				3ABA7C5E26DE7B08006A524A /* TabBarController.swift */,
			);
			path = ViewController;
			sourceTree = "<group>";
		};
		3ABA7C6126DE7D62006A524A /* Coordinator */ = {
			isa = PBXGroup;
			children = (
				3ABA7C5226DE56A5006A524A /* Coordinator.swift */,
				3ABA7C5626DE5927006A524A /* AppCoordinator.swift */,
			);
			path = Coordinator;
			sourceTree = "<group>";
		};
		3ABA7C6226DE7D71006A524A /* Storyboard */ = {
			isa = PBXGroup;
			children = (
				3A22084926DE37560053B9ED /* Feed.storyboard */,
				3A22084E26DE37570053B9ED /* LaunchScreen.storyboard */,
			);
			path = Storyboard;
			sourceTree = "<group>";
		};
		3ABA7C6326DE7D82006A524A /* Application */ = {
			isa = PBXGroup;
			children = (
				3A22084326DE37560053B9ED /* AppDelegate.swift */,
				3A22084526DE37560053B9ED /* SceneDelegate.swift */,
			);
			path = Application;
			sourceTree = "<group>";
		};
		3ABA7C6426DE7D8D006A524A /* SupportingFiles */ = {
			isa = PBXGroup;
			children = (
				3A22084C26DE37570053B9ED /* Assets.xcassets */,
				3A22085126DE37570053B9ED /* Info.plist */,
			);
			path = SupportingFiles;
			sourceTree = "<group>";
		};
/* End PBXGroup section */

/* Begin PBXNativeTarget section */
		3A22083F26DE37560053B9ED /* Inbyeolgram-clone */ = {
			isa = PBXNativeTarget;
			buildConfigurationList = 3A22085426DE37570053B9ED /* Build configuration list for PBXNativeTarget "Inbyeolgram-clone" */;
			buildPhases = (
				3A22083C26DE37560053B9ED /* Sources */,
				3A22083D26DE37560053B9ED /* Frameworks */,
				3A22083E26DE37560053B9ED /* Resources */,
			);
			buildRules = (
			);
			dependencies = (
			);
			name = "Inbyeolgram-clone";
			productName = "Inbyeolgram-clone";
			productReference = 3A22084026DE37560053B9ED /* Inbyeolgram-clone.app */;
			productType = "com.apple.product-type.application";
		};
/* End PBXNativeTarget section */

/* Begin PBXProject section */
		3A22083826DE37560053B9ED /* Project object */ = {
			isa = PBXProject;
			attributes = {
				LastSwiftUpdateCheck = 1250;
				LastUpgradeCheck = 1250;
				TargetAttributes = {
					3A22083F26DE37560053B9ED = {
						CreatedOnToolsVersion = 12.5.1;
					};
				};
			};
			buildConfigurationList = 3A22083B26DE37560053B9ED /* Build configuration list for PBXProject "Inbyeolgram-clone" */;
			compatibilityVersion = "Xcode 9.3";
			developmentRegion = en;
			hasScannedForEncodings = 0;
			knownRegions = (
				en,
				Base,
			);
			mainGroup = 3A22083726DE37560053B9ED;
			productRefGroup = 3A22084126DE37560053B9ED /* Products */;
			projectDirPath = "";
			projectRoot = "";
			targets = (
				3A22083F26DE37560053B9ED /* Inbyeolgram-clone */,
			);
		};
/* End PBXProject section */

/* Begin PBXResourcesBuildPhase section */
		3A22083E26DE37560053B9ED /* Resources */ = {
			isa = PBXResourcesBuildPhase;
			buildActionMask = 2147483647;
			files = (
				3A22085026DE37570053B9ED /* LaunchScreen.storyboard in Resources */,
				3A22084D26DE37570053B9ED /* Assets.xcassets in Resources */,
				3A22084B26DE37560053B9ED /* Feed.storyboard in Resources */,
			);
			runOnlyForDeploymentPostprocessing = 0;
		};
/* End PBXResourcesBuildPhase section */

/* Begin PBXSourcesBuildPhase section */
		3A22083C26DE37560053B9ED /* Sources */ = {
			isa = PBXSourcesBuildPhase;
			buildActionMask = 2147483647;
			files = (
				3ABA7C5B26DE71BE006A524A /* FeedViewController.swift in Sources */,
				3ABA7C5326DE56A5006A524A /* Coordinator.swift in Sources */,
				3ABA7C5726DE5927006A524A /* AppCoordinator.swift in Sources */,
				3ABA7C5F26DE7B08006A524A /* TabBarController.swift in Sources */,
				3A22084426DE37560053B9ED /* AppDelegate.swift in Sources */,
				3A22084626DE37560053B9ED /* SceneDelegate.swift in Sources */,
			);
			runOnlyForDeploymentPostprocessing = 0;
		};
/* End PBXSourcesBuildPhase section */

/* Begin PBXVariantGroup section */
		3A22084926DE37560053B9ED /* Feed.storyboard */ = {
			isa = PBXVariantGroup;
			children = (
				3A22084A26DE37560053B9ED /* Base */,
			);
			name = Feed.storyboard;
			sourceTree = "<group>";
		};
		3A22084E26DE37570053B9ED /* LaunchScreen.storyboard */ = {
			isa = PBXVariantGroup;
			children = (
				3A22084F26DE37570053B9ED /* Base */,
			);
			name = LaunchScreen.storyboard;
			sourceTree = "<group>";
		};
/* End PBXVariantGroup section */

/* Begin XCBuildConfiguration section */
		3A22085226DE37570053B9ED /* Debug */ = {
			isa = XCBuildConfiguration;
			buildSettings = {
				ALWAYS_SEARCH_USER_PATHS = NO;
				CLANG_ANALYZER_NONNULL = YES;
				CLANG_ANALYZER_NUMBER_OBJECT_CONVERSION = YES_AGGRESSIVE;
				CLANG_CXX_LANGUAGE_STANDARD = "gnu++14";
				CLANG_CXX_LIBRARY = "libc++";
				CLANG_ENABLE_MODULES = YES;
				CLANG_ENABLE_OBJC_ARC = YES;
				CLANG_ENABLE_OBJC_WEAK = YES;
				CLANG_WARN_BLOCK_CAPTURE_AUTORELEASING = YES;
				CLANG_WARN_BOOL_CONVERSION = YES;
				CLANG_WARN_COMMA = YES;
				CLANG_WARN_CONSTANT_CONVERSION = YES;
				CLANG_WARN_DEPRECATED_OBJC_IMPLEMENTATIONS = YES;
				CLANG_WARN_DIRECT_OBJC_ISA_USAGE = YES_ERROR;
				CLANG_WARN_DOCUMENTATION_COMMENTS = YES;
				CLANG_WARN_EMPTY_BODY = YES;
				CLANG_WARN_ENUM_CONVERSION = YES;
				CLANG_WARN_INFINITE_RECURSION = YES;
				CLANG_WARN_INT_CONVERSION = YES;
				CLANG_WARN_NON_LITERAL_NULL_CONVERSION = YES;
				CLANG_WARN_OBJC_IMPLICIT_RETAIN_SELF = YES;
				CLANG_WARN_OBJC_LITERAL_CONVERSION = YES;
				CLANG_WARN_OBJC_ROOT_CLASS = YES_ERROR;
				CLANG_WARN_QUOTED_INCLUDE_IN_FRAMEWORK_HEADER = YES;
				CLANG_WARN_RANGE_LOOP_ANALYSIS = YES;
				CLANG_WARN_STRICT_PROTOTYPES = YES;
				CLANG_WARN_SUSPICIOUS_MOVE = YES;
				CLANG_WARN_UNGUARDED_AVAILABILITY = YES_AGGRESSIVE;
				CLANG_WARN_UNREACHABLE_CODE = YES;
				CLANG_WARN__DUPLICATE_METHOD_MATCH = YES;
				COPY_PHASE_STRIP = NO;
				DEBUG_INFORMATION_FORMAT = dwarf;
				ENABLE_STRICT_OBJC_MSGSEND = YES;
				ENABLE_TESTABILITY = YES;
				GCC_C_LANGUAGE_STANDARD = gnu11;
				GCC_DYNAMIC_NO_PIC = NO;
				GCC_NO_COMMON_BLOCKS = YES;
				GCC_OPTIMIZATION_LEVEL = 0;
				GCC_PREPROCESSOR_DEFINITIONS = (
					"DEBUG=1",
					"$(inherited)",
				);
				GCC_WARN_64_TO_32_BIT_CONVERSION = YES;
				GCC_WARN_ABOUT_RETURN_TYPE = YES_ERROR;
				GCC_WARN_UNDECLARED_SELECTOR = YES;
				GCC_WARN_UNINITIALIZED_AUTOS = YES_AGGRESSIVE;
				GCC_WARN_UNUSED_FUNCTION = YES;
				GCC_WARN_UNUSED_VARIABLE = YES;
				IPHONEOS_DEPLOYMENT_TARGET = 14.5;
				MTL_ENABLE_DEBUG_INFO = INCLUDE_SOURCE;
				MTL_FAST_MATH = YES;
				ONLY_ACTIVE_ARCH = YES;
				SDKROOT = iphoneos;
				SWIFT_ACTIVE_COMPILATION_CONDITIONS = DEBUG;
				SWIFT_OPTIMIZATION_LEVEL = "-Onone";
			};
			name = Debug;
		};
		3A22085326DE37570053B9ED /* Release */ = {
			isa = XCBuildConfiguration;
			buildSettings = {
				ALWAYS_SEARCH_USER_PATHS = NO;
				CLANG_ANALYZER_NONNULL = YES;
				CLANG_ANALYZER_NUMBER_OBJECT_CONVERSION = YES_AGGRESSIVE;
				CLANG_CXX_LANGUAGE_STANDARD = "gnu++14";
				CLANG_CXX_LIBRARY = "libc++";
				CLANG_ENABLE_MODULES = YES;
				CLANG_ENABLE_OBJC_ARC = YES;
				CLANG_ENABLE_OBJC_WEAK = YES;
				CLANG_WARN_BLOCK_CAPTURE_AUTORELEASING = YES;
				CLANG_WARN_BOOL_CONVERSION = YES;
				CLANG_WARN_COMMA = YES;
				CLANG_WARN_CONSTANT_CONVERSION = YES;
				CLANG_WARN_DEPRECATED_OBJC_IMPLEMENTATIONS = YES;
				CLANG_WARN_DIRECT_OBJC_ISA_USAGE = YES_ERROR;
				CLANG_WARN_DOCUMENTATION_COMMENTS = YES;
				CLANG_WARN_EMPTY_BODY = YES;
				CLANG_WARN_ENUM_CONVERSION = YES;
				CLANG_WARN_INFINITE_RECURSION = YES;
				CLANG_WARN_INT_CONVERSION = YES;
				CLANG_WARN_NON_LITERAL_NULL_CONVERSION = YES;
				CLANG_WARN_OBJC_IMPLICIT_RETAIN_SELF = YES;
				CLANG_WARN_OBJC_LITERAL_CONVERSION = YES;
				CLANG_WARN_OBJC_ROOT_CLASS = YES_ERROR;
				CLANG_WARN_QUOTED_INCLUDE_IN_FRAMEWORK_HEADER = YES;
				CLANG_WARN_RANGE_LOOP_ANALYSIS = YES;
				CLANG_WARN_STRICT_PROTOTYPES = YES;
				CLANG_WARN_SUSPICIOUS_MOVE = YES;
				CLANG_WARN_UNGUARDED_AVAILABILITY = YES_AGGRESSIVE;
				CLANG_WARN_UNREACHABLE_CODE = YES;
				CLANG_WARN__DUPLICATE_METHOD_MATCH = YES;
				COPY_PHASE_STRIP = NO;
				DEBUG_INFORMATION_FORMAT = "dwarf-with-dsym";
				ENABLE_NS_ASSERTIONS = NO;
				ENABLE_STRICT_OBJC_MSGSEND = YES;
				GCC_C_LANGUAGE_STANDARD = gnu11;
				GCC_NO_COMMON_BLOCKS = YES;
				GCC_WARN_64_TO_32_BIT_CONVERSION = YES;
				GCC_WARN_ABOUT_RETURN_TYPE = YES_ERROR;
				GCC_WARN_UNDECLARED_SELECTOR = YES;
				GCC_WARN_UNINITIALIZED_AUTOS = YES_AGGRESSIVE;
				GCC_WARN_UNUSED_FUNCTION = YES;
				GCC_WARN_UNUSED_VARIABLE = YES;
				IPHONEOS_DEPLOYMENT_TARGET = 14.5;
				MTL_ENABLE_DEBUG_INFO = NO;
				MTL_FAST_MATH = YES;
				SDKROOT = iphoneos;
				SWIFT_COMPILATION_MODE = wholemodule;
				SWIFT_OPTIMIZATION_LEVEL = "-O";
				VALIDATE_PRODUCT = YES;
			};
			name = Release;
		};
		3A22085526DE37570053B9ED /* Debug */ = {
			isa = XCBuildConfiguration;
			buildSettings = {
				ASSETCATALOG_COMPILER_APPICON_NAME = AppIcon;
				ASSETCATALOG_COMPILER_GLOBAL_ACCENT_COLOR_NAME = AccentColor;
				CODE_SIGN_STYLE = Automatic;
				DEVELOPMENT_TEAM = 949577ZGT6;
				INFOPLIST_FILE = "Inbyeolgram-clone/SupportingFiles/Info.plist";
				LD_RUNPATH_SEARCH_PATHS = (
					"$(inherited)",
					"@executable_path/Frameworks",
				);
				PRODUCT_BUNDLE_IDENTIFIER = "com.Inbyeolgram-clone";
				PRODUCT_NAME = "$(TARGET_NAME)";
				SWIFT_VERSION = 5.0;
				TARGETED_DEVICE_FAMILY = "1,2";
			};
			name = Debug;
		};
		3A22085626DE37570053B9ED /* Release */ = {
			isa = XCBuildConfiguration;
			buildSettings = {
				ASSETCATALOG_COMPILER_APPICON_NAME = AppIcon;
				ASSETCATALOG_COMPILER_GLOBAL_ACCENT_COLOR_NAME = AccentColor;
				CODE_SIGN_STYLE = Automatic;
				DEVELOPMENT_TEAM = 949577ZGT6;
				INFOPLIST_FILE = "Inbyeolgram-clone/SupportingFiles/Info.plist";
				LD_RUNPATH_SEARCH_PATHS = (
					"$(inherited)",
					"@executable_path/Frameworks",
				);
				PRODUCT_BUNDLE_IDENTIFIER = "com.Inbyeolgram-clone";
				PRODUCT_NAME = "$(TARGET_NAME)";
				SWIFT_VERSION = 5.0;
				TARGETED_DEVICE_FAMILY = "1,2";
			};
			name = Release;
		};
/* End XCBuildConfiguration section */

/* Begin XCConfigurationList section */
		3A22083B26DE37560053B9ED /* Build configuration list for PBXProject "Inbyeolgram-clone" */ = {
			isa = XCConfigurationList;
			buildConfigurations = (
				3A22085226DE37570053B9ED /* Debug */,
				3A22085326DE37570053B9ED /* Release */,
			);
			defaultConfigurationIsVisible = 0;
			defaultConfigurationName = Release;
		};
		3A22085426DE37570053B9ED /* Build configuration list for PBXNativeTarget "Inbyeolgram-clone" */ = {
			isa = XCConfigurationList;
			buildConfigurations = (
				3A22085526DE37570053B9ED /* Debug */,
				3A22085626DE37570053B9ED /* Release */,
			);
			defaultConfigurationIsVisible = 0;
			defaultConfigurationName = Release;
		};
/* End XCConfigurationList section */
	};
	rootObject = 3A22083826DE37560053B9ED /* Project object */;
}
